
Microsoft Visual Studio Solution File, Format Version 12.00
# Visual Studio Version 16
VisualStudioVersion = 16.0.30225.117
MinimumVisualStudioVersion = 10.0.40219.1
Project("{9A19103F-16F7-4668-BE54-9A1E7A4F7556}") = "ConsoleApp", "ConsoleApp.csproj", "{081EB1E4-D529-4819-90FC-01C05B79B6C7}"
EndProject
Project("{FAE04EC0-301F-11D3-BF4B-00C04F79EFBC}") = "ConsoleAppTests", "..\ConsoleAppTests\ConsoleAppTests.csproj", "{18162E20-AEA0-4240-B11A-CA3F05898186}"
EndProject
Global
	GlobalSection(SolutionConfigurationPlatforms) = preSolution
		Debug|Any CPU = Debug|Any CPU
		Release|Any CPU = Release|Any CPU
	EndGlobalSection
	GlobalSection(ProjectConfigurationPlatforms) = postSolution
		{081EB1E4-D529-4819-90FC-01C05B79B6C7}.Debug|Any CPU.ActiveCfg = Debug|Any CPU
		{081EB1E4-D529-4819-90FC-01C05B79B6C7}.Debug|Any CPU.Build.0 = Debug|Any CPU
		{081EB1E4-D529-4819-90FC-01C05B79B6C7}.Release|Any CPU.ActiveCfg = Release|Any CPU
		{081EB1E4-D529-4819-90FC-01C05B79B6C7}.Release|Any CPU.Build.0 = Release|Any CPU
		{18162E20-AEA0-4240-B11A-CA3F05898186}.Debug|Any CPU.ActiveCfg = Debug|Any CPU
		{18162E20-AEA0-4240-B11A-CA3F05898186}.Debug|Any CPU.Build.0 = Debug|Any CPU
		{18162E20-AEA0-4240-B11A-CA3F05898186}.Release|Any CPU.ActiveCfg = Release|Any CPU
		{18162E20-AEA0-4240-B11A-CA3F05898186}.Release|Any CPU.Build.0 = Release|Any CPU
	EndGlobalSection
	GlobalSection(SolutionProperties) = preSolution
		HideSolutionNode = FALSE
	EndGlobalSection
	GlobalSection(ExtensibilityGlobals) = postSolution
		SolutionGuid = {07F936C9-7FDB-4DCA-90F9-F6E3697C1EAB}
	EndGlobalSection
EndGlobal
